
Microsoft Visual Studio Solution File, Format Version 12.00
# Visual Studio Version 17
VisualStudioVersion = 17.7.34031.279
MinimumVisualStudioVersion = 10.0.40219.1
Project("{FAE04EC0-301F-11D3-BF4B-00C04F79EFBC}") = "ConsoleApp3 NET core 2.1", "ConsoleApp3 NET core 2.1.csproj", "{50EECA96-BDA6-4592-8637-AB853552932F}"
EndProject
Global
	GlobalSection(SolutionConfigurationPlatforms) = preSolution
		Debug|Any CPU = Debug|Any CPU
		Release|Any CPU = Release|Any CPU
	EndGlobalSection
	GlobalSection(ProjectConfigurationPlatforms) = postSolution
		{50EECA96-BDA6-4592-8637-AB853552932F}.Debug|Any CPU.ActiveCfg = Debug|Any CPU
		{50EECA96-BDA6-4592-8637-AB853552932F}.Debug|Any CPU.Build.0 = Debug|Any CPU
		{50EECA96-BDA6-4592-8637-AB853552932F}.Release|Any CPU.ActiveCfg = Release|Any CPU
		{50EECA96-BDA6-4592-8637-AB853552932F}.Release|Any CPU.Build.0 = Release|Any CPU
	EndGlobalSection
	GlobalSection(SolutionProperties) = preSolution
		HideSolutionNode = FALSE
	EndGlobalSection
	GlobalSection(ExtensibilityGlobals) = postSolution
		SolutionGuid = {C91D6C60-3439-4D57-8934-E5C918517D51}
	EndGlobalSection
EndGlobal
